
Microsoft Visual Studio Solution File, Format Version 12.00
Project("{FAE04EC0-301F-11D3-BF4B-00C04F79EFBC}") = "Tectools.Application", "Tectools.Application\Tectools.Application.csproj", "{5E89F6C2-C578-4480-972B-8A4BEF26E29F}"
EndProject
Project("{FAE04EC0-301F-11D3-BF4B-00C04F79EFBC}") = "Tectools.Domain", "Tectools.Domain\Tectools.Domain.csproj", "{BE51B918-9808-4059-BFB0-3CB49D73A6AF}"
EndProject
Project("{FAE04EC0-301F-11D3-BF4B-00C04F79EFBC}") = "Tectools.Infrastructure", "Tectools.Infrastructure\Tectools.Infrastructure.csproj", "{E229C687-B93A-4910-97AD-791CEB2E9849}"
EndProject
Project("{FAE04EC0-301F-11D3-BF4B-00C04F79EFBC}") = "Tectools.Tests", "Tectools.Tests\Tectools.Tests.csproj", "{C3CD85C7-C508-44FB-980B-429B8E4AC52D}"
EndProject
Project("{FAE04EC0-301F-11D3-BF4B-00C04F79EFBC}") = "Tectools.Web", "Tectools.Web\Tectools.Web.csproj", "{3DDA300B-1839-4287-96D7-5F53714DAF7D}"
EndProject
Project("{FAE04EC0-301F-11D3-BF4B-00C04F79EFBC}") = "Tectools.Api", "Tectools.Api\Tectools.Api.csproj", "{5A218C69-3580-4FB3-8F86-AA015E6886E3}"
EndProject
Global
	GlobalSection(SolutionConfigurationPlatforms) = preSolution
		Debug|Any CPU = Debug|Any CPU
		Release|Any CPU = Release|Any CPU
	EndGlobalSection
	GlobalSection(ProjectConfigurationPlatforms) = postSolution
		{5E89F6C2-C578-4480-972B-8A4BEF26E29F}.Debug|Any CPU.ActiveCfg = Debug|Any CPU
		{5E89F6C2-C578-4480-972B-8A4BEF26E29F}.Debug|Any CPU.Build.0 = Debug|Any CPU
		{5E89F6C2-C578-4480-972B-8A4BEF26E29F}.Release|Any CPU.ActiveCfg = Release|Any CPU
		{5E89F6C2-C578-4480-972B-8A4BEF26E29F}.Release|Any CPU.Build.0 = Release|Any CPU
		{BE51B918-9808-4059-BFB0-3CB49D73A6AF}.Debug|Any CPU.ActiveCfg = Debug|Any CPU
		{BE51B918-9808-4059-BFB0-3CB49D73A6AF}.Debug|Any CPU.Build.0 = Debug|Any CPU
		{BE51B918-9808-4059-BFB0-3CB49D73A6AF}.Release|Any CPU.ActiveCfg = Release|Any CPU
		{BE51B918-9808-4059-BFB0-3CB49D73A6AF}.Release|Any CPU.Build.0 = Release|Any CPU
		{E229C687-B93A-4910-97AD-791CEB2E9849}.Debug|Any CPU.ActiveCfg = Debug|Any CPU
		{E229C687-B93A-4910-97AD-791CEB2E9849}.Debug|Any CPU.Build.0 = Debug|Any CPU
		{E229C687-B93A-4910-97AD-791CEB2E9849}.Release|Any CPU.ActiveCfg = Release|Any CPU
		{E229C687-B93A-4910-97AD-791CEB2E9849}.Release|Any CPU.Build.0 = Release|Any CPU
		{C3CD85C7-C508-44FB-980B-429B8E4AC52D}.Debug|Any CPU.ActiveCfg = Debug|Any CPU
		{C3CD85C7-C508-44FB-980B-429B8E4AC52D}.Debug|Any CPU.Build.0 = Debug|Any CPU
		{C3CD85C7-C508-44FB-980B-429B8E4AC52D}.Release|Any CPU.ActiveCfg = Release|Any CPU
		{C3CD85C7-C508-44FB-980B-429B8E4AC52D}.Release|Any CPU.Build.0 = Release|Any CPU
		{3DDA300B-1839-4287-96D7-5F53714DAF7D}.Debug|Any CPU.ActiveCfg = Debug|Any CPU
		{3DDA300B-1839-4287-96D7-5F53714DAF7D}.Debug|Any CPU.Build.0 = Debug|Any CPU
		{3DDA300B-1839-4287-96D7-5F53714DAF7D}.Release|Any CPU.ActiveCfg = Release|Any CPU
		{3DDA300B-1839-4287-96D7-5F53714DAF7D}.Release|Any CPU.Build.0 = Release|Any CPU
		{5A218C69-3580-4FB3-8F86-AA015E6886E3}.Debug|Any CPU.ActiveCfg = Debug|Any CPU
		{5A218C69-3580-4FB3-8F86-AA015E6886E3}.Debug|Any CPU.Build.0 = Debug|Any CPU
		{5A218C69-3580-4FB3-8F86-AA015E6886E3}.Release|Any CPU.ActiveCfg = Release|Any CPU
		{5A218C69-3580-4FB3-8F86-AA015E6886E3}.Release|Any CPU.Build.0 = Release|Any CPU
	EndGlobalSection
EndGlobal
